lockfileVersion: '9.0'

settings:
  autoInstallPeers: true
  excludeLinksFromLockfile: false

importers:

  .:
    dependencies:
      nanoid:
        specifier: ^5.0.9
        version: 5.0.9

packages:

  nanoid@5.0.9:
    resolution: {integrity: sha512-Aooyr6MXU6HpvvWXKoVoXwKMs/KyVakWwg7xQfv5/S/RIgJMy0Ifa45H9qqYy7pTCszrHzP21Uk4PZq2HpEM8Q==}
    engines: {node: ^18 || >=20}
    hasBin: true

snapshots:

  nanoid@5.0.9: {}
